
Microsoft Visual Studio Solution File, Format Version 12.00
# Visual Studio Version 16
VisualStudioVersion = 16.0.32413.511
MinimumVisualStudioVersion = 10.0.40219.1
Project("{FAE04EC0-301F-11D3-BF4B-00C04F79EFBC}") = "Minicore_Ponce1", "Minicore_Ponce1\Minicore_Ponce1.csproj", "{B35AE489-811E-4A39-A53B-AE02914E97CF}"
EndProject
Global
	GlobalSection(SolutionConfigurationPlatforms) = preSolution
		Debug|Any CPU = Debug|Any CPU
		Release|Any CPU = Release|Any CPU
	EndGlobalSection
	GlobalSection(ProjectConfigurationPlatforms) = postSolution
		{B35AE489-811E-4A39-A53B-AE02914E97CF}.Debug|Any CPU.ActiveCfg = Debug|Any CPU
		{B35AE489-811E-4A39-A53B-AE02914E97CF}.Debug|Any CPU.Build.0 = Debug|Any CPU
		{B35AE489-811E-4A39-A53B-AE02914E97CF}.Release|Any CPU.ActiveCfg = Release|Any CPU
		{B35AE489-811E-4A39-A53B-AE02914E97CF}.Release|Any CPU.Build.0 = Release|Any CPU
	EndGlobalSection
	GlobalSection(SolutionProperties) = preSolution
		HideSolutionNode = FALSE
	EndGlobalSection
	GlobalSection(ExtensibilityGlobals) = postSolution
		SolutionGuid = {F1F40A86-C3D8-4F95-9FC8-97F4939ABAB6}
	EndGlobalSection
EndGlobal
